
Microsoft Visual Studio Solution File, Format Version 9.00
# Visual Studio 2005
Project("{8BC9CEB8-8B4A-11D0-8D11-00A0C91BC942}") = "flute", "flute\flute.vcproj", "{5BA05AC9-4C90-496E-B3D5-A8D93DE7DCF6}"
	ProjectSection(ProjectDependencies) = postProject
		{B32375F1-EB51-448C-98A1-CF57300B8F4E} = {B32375F1-EB51-448C-98A1-CF57300B8F4E}
		{5CD00F77-F703-486F-A14E-4E98622DC2C6} = {5CD00F77-F703-486F-A14E-4E98622DC2C6}
		{C356702C-CA0A-4946-91C4-42C30494F154} = {C356702C-CA0A-4946-91C4-42C30494F154}
	EndProjectSection
EndProject
Project("{8BC9CEB8-8B4A-11D0-8D11-00A0C91BC942}") = "repair_sender", "repair_sender\repair_sender.vcproj", "{2BA972F8-0A0E-4A00-93ED-7E95A7381EBC}"
	ProjectSection(ProjectDependencies) = postProject
		{B32375F1-EB51-448C-98A1-CF57300B8F4E} = {B32375F1-EB51-448C-98A1-CF57300B8F4E}
		{5CD00F77-F703-486F-A14E-4E98622DC2C6} = {5CD00F77-F703-486F-A14E-4E98622DC2C6}
		{C356702C-CA0A-4946-91C4-42C30494F154} = {C356702C-CA0A-4946-91C4-42C30494F154}
	EndProjectSection
EndProject
Project("{8BC9CEB8-8B4A-11D0-8D11-00A0C91BC942}") = "alclib", "alclib\alclib.vcproj", "{5CD00F77-F703-486F-A14E-4E98622DC2C6}"
	ProjectSection(ProjectDependencies) = postProject
		{B32375F1-EB51-448C-98A1-CF57300B8F4E} = {B32375F1-EB51-448C-98A1-CF57300B8F4E}
	EndProjectSection
EndProject
Project("{8BC9CEB8-8B4A-11D0-8D11-00A0C91BC942}") = "flutelib", "flutelib\flutelib.vcproj", "{C356702C-CA0A-4946-91C4-42C30494F154}"
	ProjectSection(ProjectDependencies) = postProject
		{5CD00F77-F703-486F-A14E-4E98622DC2C6} = {5CD00F77-F703-486F-A14E-4E98622DC2C6}
	EndProjectSection
EndProject
Project("{8BC9CEB8-8B4A-11D0-8D11-00A0C91BC942}") = "multis_flute", "multis_flute\multis_flute.vcproj", "{11E72C66-9404-4040-BCDF-047935752618}"
	ProjectSection(ProjectDependencies) = postProject
		{B32375F1-EB51-448C-98A1-CF57300B8F4E} = {B32375F1-EB51-448C-98A1-CF57300B8F4E}
		{5CD00F77-F703-486F-A14E-4E98622DC2C6} = {5CD00F77-F703-486F-A14E-4E98622DC2C6}
		{C356702C-CA0A-4946-91C4-42C30494F154} = {C356702C-CA0A-4946-91C4-42C30494F154}
	EndProjectSection
EndProject
Project("{8BC9CEB8-8B4A-11D0-8D11-00A0C91BC942}") = "sdplib", "sdplib\sdplib.vcproj", "{B32375F1-EB51-448C-98A1-CF57300B8F4E}"
EndProject
Project("{8BC9CEB8-8B4A-11D0-8D11-00A0C91BC942}") = "UnitTest", "UnitTest\UnitTest.vcproj", "{18AA59D3-7BF5-4CBE-82A9-D54B5FCE8D67}"
	ProjectSection(ProjectDependencies) = postProject
		{C356702C-CA0A-4946-91C4-42C30494F154} = {C356702C-CA0A-4946-91C4-42C30494F154}
		{5CD00F77-F703-486F-A14E-4E98622DC2C6} = {5CD00F77-F703-486F-A14E-4E98622DC2C6}
		{B32375F1-EB51-448C-98A1-CF57300B8F4E} = {B32375F1-EB51-448C-98A1-CF57300B8F4E}
	EndProjectSection
EndProject
Global
	GlobalSection(SolutionConfigurationPlatforms) = preSolution
		Debug|Win32 = Debug|Win32
		Release|Win32 = Release|Win32
	EndGlobalSection
	GlobalSection(ProjectConfigurationPlatforms) = postSolution
		{5BA05AC9-4C90-496E-B3D5-A8D93DE7DCF6}.Debug|Win32.ActiveCfg = Debug|Win32
		{5BA05AC9-4C90-496E-B3D5-A8D93DE7DCF6}.Debug|Win32.Build.0 = Debug|Win32
		{5BA05AC9-4C90-496E-B3D5-A8D93DE7DCF6}.Release|Win32.ActiveCfg = Release|Win32
		{5BA05AC9-4C90-496E-B3D5-A8D93DE7DCF6}.Release|Win32.Build.0 = Release|Win32
		{2BA972F8-0A0E-4A00-93ED-7E95A7381EBC}.Debug|Win32.ActiveCfg = Debug|Win32
		{2BA972F8-0A0E-4A00-93ED-7E95A7381EBC}.Debug|Win32.Build.0 = Debug|Win32
		{2BA972F8-0A0E-4A00-93ED-7E95A7381EBC}.Release|Win32.ActiveCfg = Release|Win32
		{2BA972F8-0A0E-4A00-93ED-7E95A7381EBC}.Release|Win32.Build.0 = Release|Win32
		{5CD00F77-F703-486F-A14E-4E98622DC2C6}.Debug|Win32.ActiveCfg = Debug|Win32
		{5CD00F77-F703-486F-A14E-4E98622DC2C6}.Debug|Win32.Build.0 = Debug|Win32
		{5CD00F77-F703-486F-A14E-4E98622DC2C6}.Release|Win32.ActiveCfg = Release|Win32
		{5CD00F77-F703-486F-A14E-4E98622DC2C6}.Release|Win32.Build.0 = Release|Win32
		{C356702C-CA0A-4946-91C4-42C30494F154}.Debug|Win32.ActiveCfg = Debug|Win32
		{C356702C-CA0A-4946-91C4-42C30494F154}.Debug|Win32.Build.0 = Debug|Win32
		{C356702C-CA0A-4946-91C4-42C30494F154}.Release|Win32.ActiveCfg = Release|Win32
		{C356702C-CA0A-4946-91C4-42C30494F154}.Release|Win32.Build.0 = Release|Win32
		{11E72C66-9404-4040-BCDF-047935752618}.Debug|Win32.ActiveCfg = Debug|Win32
		{11E72C66-9404-4040-BCDF-047935752618}.Debug|Win32.Build.0 = Debug|Win32
		{11E72C66-9404-4040-BCDF-047935752618}.Release|Win32.ActiveCfg = Release|Win32
		{11E72C66-9404-4040-BCDF-047935752618}.Release|Win32.Build.0 = Release|Win32
		{B32375F1-EB51-448C-98A1-CF57300B8F4E}.Debug|Win32.ActiveCfg = Debug|Win32
		{B32375F1-EB51-448C-98A1-CF57300B8F4E}.Debug|Win32.Build.0 = Debug|Win32
		{B32375F1-EB51-448C-98A1-CF57300B8F4E}.Release|Win32.ActiveCfg = Release|Win32
		{B32375F1-EB51-448C-98A1-CF57300B8F4E}.Release|Win32.Build.0 = Release|Win32
		{18AA59D3-7BF5-4CBE-82A9-D54B5FCE8D67}.Debug|Win32.ActiveCfg = Debug|Win32
		{18AA59D3-7BF5-4CBE-82A9-D54B5FCE8D67}.Debug|Win32.Build.0 = Debug|Win32
		{18AA59D3-7BF5-4CBE-82A9-D54B5FCE8D67}.Release|Win32.ActiveCfg = Release|Win32
		{18AA59D3-7BF5-4CBE-82A9-D54B5FCE8D67}.Release|Win32.Build.0 = Release|Win32
	EndGlobalSection
	GlobalSection(SolutionProperties) = preSolution
		HideSolutionNode = FALSE
	EndGlobalSection
EndGlobal
